
Microsoft Visual Studio Solution File, Format Version 12.00
# Visual Studio Version 16
VisualStudioVersion = 16.0.28803.156
MinimumVisualStudioVersion = 10.0.40219.1
Project("{FAE04EC0-301F-11D3-BF4B-00C04F79EFBC}") = "SvgComposition", "SvgComposition\SvgComposition.csproj", "{B687A4A7-DE46-4BFD-8CB4-C651417721C7}"
EndProject
Global
	GlobalSection(SolutionConfigurationPlatforms) = preSolution
		Debug|Any CPU = Debug|Any CPU
		Release|Any CPU = Release|Any CPU
	EndGlobalSection
	GlobalSection(ProjectConfigurationPlatforms) = postSolution
		{B687A4A7-DE46-4BFD-8CB4-C651417721C7}.Debug|Any CPU.ActiveCfg = Debug|Any CPU
		{B687A4A7-DE46-4BFD-8CB4-C651417721C7}.Debug|Any CPU.Build.0 = Debug|Any CPU
		{B687A4A7-DE46-4BFD-8CB4-C651417721C7}.Release|Any CPU.ActiveCfg = Release|Any CPU
		{B687A4A7-DE46-4BFD-8CB4-C651417721C7}.Release|Any CPU.Build.0 = Release|Any CPU
	EndGlobalSection
	GlobalSection(SolutionProperties) = preSolution
		HideSolutionNode = FALSE
	EndGlobalSection
	GlobalSection(ExtensibilityGlobals) = postSolution
		SolutionGuid = {3BE93F26-FF30-4DD0-BABD-700989D52D0B}
	EndGlobalSection
EndGlobal
